// !$*UTF8*$!
{
	archiveVersion = 1;
	classes = {
	};
	objectVersion = 77;
	objects = {

/* Begin PBXContainerItemProxy section */
		5DB558FC2E78FB4100140F39 /* PBXContainerItemProxy */ = {
			isa = PBXContainerItemProxy;
			containerPortal = 5DB558E52E78FB3F00140F39 /* Project object */;
			proxyType = 1;
			remoteGlobalIDString = 5DB558EC2E78FB3F00140F39;
			remoteInfo = spac;
		};
		5DB559062E78FB4100140F39 /* PBXContainerItemProxy */ = {
			isa = PBXContainerItemProxy;
			containerPortal = 5DB558E52E78FB3F00140F39 /* Project object */;
			proxyType = 1;
			remoteGlobalIDString = 5DB558EC2E78FB3F00140F39;
			remoteInfo = spac;
		};
/* End PBXContainerItemProxy section */

/* Begin PBXFileReference section */
		5DB558ED2E78FB3F00140F39 /* spac.app */ = {isa = PBXFileReference; explicitFileType = wrapper.application; includeInIndex = 0; path = spac.app; sourceTree = BUILT_PRODUCTS_DIR; };
		5DB558FB2E78FB4100140F39 /* spacTests.xctest */ = {isa = PBXFileReference; explicitFileType = wrapper.cfbundle; includeInIndex = 0; path = spacTests.xctest; sourceTree = BUILT_PRODUCTS_DIR; };
		5DB559052E78FB4100140F39 /* spacUITests.xctest */ = {isa = PBXFileReference; explicitFileType = wrapper.cfbundle; includeInIndex = 0; path = spacUITests.xctest; sourceTree = BUILT_PRODUCTS_DIR; };
/* End PBXFileReference section */

/* Begin PBXFileSystemSynchronizedRootGroup section */
		5DB558EF2E78FB3F00140F39 /* spac */ = {
			isa = PBXFileSystemSynchronizedRootGroup;
			path = spac;
			sourceTree = "<group>";
		};
		5DB558FE2E78FB4100140F39 /* spacTests */ = {
			isa = PBXFileSystemSynchronizedRootGroup;
			path = spacTests;
			sourceTree = "<group>";
		};
		5DB559082E78FB4100140F39 /* spacUITests */ = {
			isa = PBXFileSystemSynchronizedRootGroup;
			path = spacUITests;
			sourceTree = "<group>";
		};
/* End PBXFileSystemSynchronizedRootGroup section */

/* Begin PBXFrameworksBuildPhase section */
		5DB558EA2E78FB3F00140F39 /* Frameworks */ = {
			isa = PBXFrameworksBuildPhase;
			buildActionMask = 2147483647;
			files = (
			);
			runOnlyForDeploymentPostprocessing = 0;
		};
		5DB558F82E78FB4100140F39 /* Frameworks */ = {
			isa = PBXFrameworksBuildPhase;
			buildActionMask = 2147483647;
			files = (
			);
			runOnlyForDeploymentPostprocessing = 0;
		};
		5DB559022E78FB4100140F39 /* Frameworks */ = {
			isa = PBXFrameworksBuildPhase;
			buildActionMask = 2147483647;
			files = (
			);
			runOnlyForDeploymentPostprocessing = 0;
		};
/* End PBXFrameworksBuildPhase section */

/* Begin PBXGroup section */
		5DB558E42E78FB3F00140F39 = {
			isa = PBXGroup;
			children = (
				5DB558EF2E78FB3F00140F39 /* spac */,
				5DB558FE2E78FB4100140F39 /* spacTests */,
				5DB559082E78FB4100140F39 /* spacUITests */,
				5DB558EE2E78FB3F00140F39 /* Products */,
			);
			sourceTree = "<group>";
		};
		5DB558EE2E78FB3F00140F39 /* Products */ = {
			isa = PBXGroup;
			children = (
				5DB558ED2E78FB3F00140F39 /* spac.app */,
				5DB558FB2E78FB4100140F39 /* spacTests.xctest */,
				5DB559052E78FB4100140F39 /* spacUITests.xctest */,
			);
			name = Products;
			sourceTree = "<group>";
		};
/* End PBXGroup section */

/* Begin PBXNativeTarget section */
		5DB558EC2E78FB3F00140F39 /* spac */ = {
			isa = PBXNativeTarget;
			buildConfigurationList = 5DB5590F2E78FB4100140F39 /* Build configuration list for PBXNativeTarget "spac" */;
			buildPhases = (
				5DB558E92E78FB3F00140F39 /* Sources */,
				5DB558EA2E78FB3F00140F39 /* Frameworks */,
				5DB558EB2E78FB3F00140F39 /* Resources */,
			);
			buildRules = (
			);
			dependencies = (
			);
			fileSystemSynchronizedGroups = (
				5DB558EF2E78FB3F00140F39 /* spac */,
			);
			name = spac;
			packageProductDependencies = (
			);
			productName = spac;
			productReference = 5DB558ED2E78FB3F00140F39 /* spac.app */;
			productType = "com.apple.product-type.application";
		};
		5DB558FA2E78FB4100140F39 /* spacTests */ = {
			isa = PBXNativeTarget;
			buildConfigurationList = 5DB559122E78FB4100140F39 /* Build configuration list for PBXNativeTarget "spacTests" */;
			buildPhases = (
				5DB558F72E78FB4100140F39 /* Sources */,
				5DB558F82E78FB4100140F39 /* Frameworks */,
				5DB558F92E78FB4100140F39 /* Resources */,
			);
			buildRules = (
			);
			dependencies = (
				5DB558FD2E78FB4100140F39 /* PBXTargetDependency */,
			);
			fileSystemSynchronizedGroups = (
				5DB558FE2E78FB4100140F39 /* spacTests */,
			);
			name = spacTests;
			packageProductDependencies = (
			);
			productName = spacTests;
			productReference = 5DB558FB2E78FB4100140F39 /* spacTests.xctest */;
			productType = "com.apple.product-type.bundle.unit-test";
		};
		5DB559042E78FB4100140F39 /* spacUITests */ = {
			isa = PBXNativeTarget;
			buildConfigurationList = 5DB559152E78FB4100140F39 /* Build configuration list for PBXNativeTarget "spacUITests" */;
			buildPhases = (
				5DB559012E78FB4100140F39 /* Sources */,
				5DB559022E78FB4100140F39 /* Frameworks */,
				5DB559032E78FB4100140F39 /* Resources */,
			);
			buildRules = (
			);
			dependencies = (
				5DB559072E78FB4100140F39 /* PBXTargetDependency */,
			);
			fileSystemSynchronizedGroups = (
				5DB559082E78FB4100140F39 /* spacUITests */,
			);
			name = spacUITests;
			packageProductDependencies = (
			);
			productName = spacUITests;
			productReference = 5DB559052E78FB4100140F39 /* spacUITests.xctest */;
			productType = "com.apple.product-type.bundle.ui-testing";
		};
/* End PBXNativeTarget section */

/* Begin PBXProject section */
		5DB558E52E78FB3F00140F39 /* Project object */ = {
			isa = PBXProject;
			attributes = {
				BuildIndependentTargetsInParallel = 1;
				LastSwiftUpdateCheck = 1640;
				LastUpgradeCheck = 1640;
				TargetAttributes = {
					5DB558EC2E78FB3F00140F39 = {
						CreatedOnToolsVersion = 16.4;
					};
					5DB558FA2E78FB4100140F39 = {
						CreatedOnToolsVersion = 16.4;
						TestTargetID = 5DB558EC2E78FB3F00140F39;
					};
					5DB559042E78FB4100140F39 = {
						CreatedOnToolsVersion = 16.4;
						TestTargetID = 5DB558EC2E78FB3F00140F39;
					};
				};
			};
			buildConfigurationList = 5DB558E82E78FB3F00140F39 /* Build configuration list for PBXProject "spac" */;
			developmentRegion = en;
			hasScannedForEncodings = 0;
			knownRegions = (
				en,
				Base,
			);
			mainGroup = 5DB558E42E78FB3F00140F39;
			minimizedProjectReferenceProxies = 1;
			preferredProjectObjectVersion = 77;
			productRefGroup = 5DB558EE2E78FB3F00140F39 /* Products */;
			projectDirPath = "";
			projectRoot = "";
			targets = (
				5DB558EC2E78FB3F00140F39 /* spac */,
				5DB558FA2E78FB4100140F39 /* spacTests */,
				5DB559042E78FB4100140F39 /* spacUITests */,
			);
		};
/* End PBXProject section */

/* Begin PBXResourcesBuildPhase section */
		5DB558EB2E78FB3F00140F39 /* Resources */ = {
			isa = PBXResourcesBuildPhase;
			buildActionMask = 2147483647;
			files = (
			);
			runOnlyForDeploymentPostprocessing = 0;
		};
		5DB558F92E78FB4100140F39 /* Resources */ = {
			isa = PBXResourcesBuildPhase;
			buildActionMask = 2147483647;
			files = (
			);
			runOnlyForDeploymentPostprocessing = 0;
		};
		5DB559032E78FB4100140F39 /* Resources */ = {
			isa = PBXResourcesBuildPhase;
			buildActionMask = 2147483647;
			files = (
			);
			runOnlyForDeploymentPostprocessing = 0;
		};
/* End PBXResourcesBuildPhase section */

/* Begin PBXSourcesBuildPhase section */
		5DB558E92E78FB3F00140F39 /* Sources */ = {
			isa = PBXSourcesBuildPhase;
			buildActionMask = 2147483647;
			files = (
			);
			runOnlyForDeploymentPostprocessing = 0;
		};
		5DB558F72E78FB4100140F39 /* Sources */ = {
			isa = PBXSourcesBuildPhase;
			buildActionMask = 2147483647;
			files = (
			);
			runOnlyForDeploymentPostprocessing = 0;
		};
		5DB559012E78FB4100140F39 /* Sources */ = {
			isa = PBXSourcesBuildPhase;
			buildActionMask = 2147483647;
			files = (
			);
			runOnlyForDeploymentPostprocessing = 0;
		};
/* End PBXSourcesBuildPhase section */

/* Begin PBXTargetDependency section */
		5DB558FD2E78FB4100140F39 /* PBXTargetDependency */ = {
			isa = PBXTargetDependency;
			target = 5DB558EC2E78FB3F00140F39 /* spac */;
			targetProxy = 5DB558FC2E78FB4100140F39 /* PBXContainerItemProxy */;
		};
		5DB559072E78FB4100140F39 /* PBXTargetDependency */ = {
			isa = PBXTargetDependency;
			target = 5DB558EC2E78FB3F00140F39 /* spac */;
			targetProxy = 5DB559062E78FB4100140F39 /* PBXContainerItemProxy */;
		};
/* End PBXTargetDependency section */

/* Begin XCBuildConfiguration section */
		5DB5590D2E78FB4100140F39 /* Debug */ = {
			isa = XCBuildConfiguration;
			buildSettings = {
				ALWAYS_SEARCH_USER_PATHS = NO;
				ASSETCATALOG_COMPILER_GENERATE_SWIFT_ASSET_SYMBOL_EXTENSIONS = YES;
				CLANG_ANALYZER_NONNULL = YES;
				CLANG_ANALYZER_NUMBER_OBJECT_CONVERSION = YES_AGGRESSIVE;
				CLANG_CXX_LANGUAGE_STANDARD = "gnu++20";
				CLANG_ENABLE_MODULES = YES;
				CLANG_ENABLE_OBJC_ARC = YES;
				CLANG_ENABLE_OBJC_WEAK = YES;
				CLANG_WARN_BLOCK_CAPTURE_AUTORELEASING = YES;
				CLANG_WARN_BOOL_CONVERSION = YES;
				CLANG_WARN_COMMA = YES;
				CLANG_WARN_CONSTANT_CONVERSION = YES;
				CLANG_WARN_DEPRECATED_OBJC_IMPLEMENTATIONS = YES;
				CLANG_WARN_DIRECT_OBJC_ISA_USAGE = YES_ERROR;
				CLANG_WARN_DOCUMENTATION_COMMENTS = YES;
				CLANG_WARN_EMPTY_BODY = YES;
				CLANG_WARN_ENUM_CONVERSION = YES;
				CLANG_WARN_INFINITE_RECURSION = YES;
				CLANG_WARN_INT_CONVERSION = YES;
				CLANG_WARN_NON_LITERAL_NULL_CONVERSION = YES;
				CLANG_WARN_OBJC_IMPLICIT_RETAIN_SELF = YES;
				CLANG_WARN_OBJC_LITERAL_CONVERSION = YES;
				CLANG_WARN_OBJC_ROOT_CLASS = YES_ERROR;
				CLANG_WARN_QUOTED_INCLUDE_IN_FRAMEWORK_HEADER = YES;
				CLANG_WARN_RANGE_LOOP_ANALYSIS = YES;
				CLANG_WARN_STRICT_PROTOTYPES = YES;
				CLANG_WARN_SUSPICIOUS_MOVE = YES;
				CLANG_WARN_UNGUARDED_AVAILABILITY = YES_AGGRESSIVE;
				CLANG_WARN_UNREACHABLE_CODE = YES;
				CLANG_WARN__DUPLICATE_METHOD_MATCH = YES;
				COPY_PHASE_STRIP = NO;
				DEBUG_INFORMATION_FORMAT = dwarf;
				DEVELOPMENT_TEAM = YWE26KG9UB;
				ENABLE_STRICT_OBJC_MSGSEND = YES;
				ENABLE_TESTABILITY = YES;
				ENABLE_USER_SCRIPT_SANDBOXING = YES;
				GCC_C_LANGUAGE_STANDARD = gnu17;
				GCC_DYNAMIC_NO_PIC = NO;
				GCC_NO_COMMON_BLOCKS = YES;
				GCC_OPTIMIZATION_LEVEL = 0;
				GCC_PREPROCESSOR_DEFINITIONS = (
					"DEBUG=1",
					"$(inherited)",
				);
				GCC_WARN_64_TO_32_BIT_CONVERSION = YES;
				GCC_WARN_ABOUT_RETURN_TYPE = YES_ERROR;
				GCC_WARN_UNDECLARED_SELECTOR = YES;
				GCC_WARN_UNINITIALIZED_AUTOS = YES_AGGRESSIVE;
				GCC_WARN_UNUSED_FUNCTION = YES;
				GCC_WARN_UNUSED_VARIABLE = YES;
				LOCALIZATION_PREFERS_STRING_CATALOGS = YES;
				MACOSX_DEPLOYMENT_TARGET = 15.5;
				MTL_ENABLE_DEBUG_INFO = INCLUDE_SOURCE;
				MTL_FAST_MATH = YES;
				ONLY_ACTIVE_ARCH = YES;
				SDKROOT = macosx;
				SWIFT_ACTIVE_COMPILATION_CONDITIONS = "DEBUG $(inherited)";
				SWIFT_OPTIMIZATION_LEVEL = "-Onone";
			};
			name = Debug;
		};
		5DB5590E2E78FB4100140F39 /* Release */ = {
			isa = XCBuildConfiguration;
			buildSettings = {
				ALWAYS_SEARCH_USER_PATHS = NO;
				ASSETCATALOG_COMPILER_GENERATE_SWIFT_ASSET_SYMBOL_EXTENSIONS = YES;
				CLANG_ANALYZER_NONNULL = YES;
				CLANG_ANALYZER_NUMBER_OBJECT_CONVERSION = YES_AGGRESSIVE;
				CLANG_CXX_LANGUAGE_STANDARD = "gnu++20";
				CLANG_ENABLE_MODULES = YES;
				CLANG_ENABLE_OBJC_ARC = YES;
				CLANG_ENABLE_OBJC_WEAK = YES;
				CLANG_WARN_BLOCK_CAPTURE_AUTORELEASING = YES;
				CLANG_WARN_BOOL_CONVERSION = YES;
				CLANG_WARN_COMMA = YES;
				CLANG_WARN_CONSTANT_CONVERSION = YES;
				CLANG_WARN_DEPRECATED_OBJC_IMPLEMENTATIONS = YES;
				CLANG_WARN_DIRECT_OBJC_ISA_USAGE = YES_ERROR;
				CLANG_WARN_DOCUMENTATION_COMMENTS = YES;
				CLANG_WARN_EMPTY_BODY = YES;
				CLANG_WARN_ENUM_CONVERSION = YES;
				CLANG_WARN_INFINITE_RECURSION = YES;
				CLANG_WARN_INT_CONVERSION = YES;
				CLANG_WARN_NON_LITERAL_NULL_CONVERSION = YES;
				CLANG_WARN_OBJC_IMPLICIT_RETAIN_SELF = YES;
				CLANG_WARN_OBJC_LITERAL_CONVERSION = YES;
				CLANG_WARN_OBJC_ROOT_CLASS = YES_ERROR;
				CLANG_WARN_QUOTED_INCLUDE_IN_FRAMEWORK_HEADER = YES;
				CLANG_WARN_RANGE_LOOP_ANALYSIS = YES;
				CLANG_WARN_STRICT_PROTOTYPES = YES;
				CLANG_WARN_SUSPICIOUS_MOVE = YES;
				CLANG_WARN_UNGUARDED_AVAILABILITY = YES_AGGRESSIVE;
				CLANG_WARN_UNREACHABLE_CODE = YES;
				CLANG_WARN__DUPLICATE_METHOD_MATCH = YES;
				COPY_PHASE_STRIP = NO;
				DEBUG_INFORMATION_FORMAT = "dwarf-with-dsym";
				DEVELOPMENT_TEAM = YWE26KG9UB;
				ENABLE_NS_ASSERTIONS = NO;
				ENABLE_STRICT_OBJC_MSGSEND = YES;
				ENABLE_USER_SCRIPT_SANDBOXING = YES;
				GCC_C_LANGUAGE_STANDARD = gnu17;
				GCC_NO_COMMON_BLOCKS = YES;
				GCC_WARN_64_TO_32_BIT_CONVERSION = YES;
				GCC_WARN_ABOUT_RETURN_TYPE = YES_ERROR;
				GCC_WARN_UNDECLARED_SELECTOR = YES;
				GCC_WARN_UNINITIALIZED_AUTOS = YES_AGGRESSIVE;
				GCC_WARN_UNUSED_FUNCTION = YES;
				GCC_WARN_UNUSED_VARIABLE = YES;
				LOCALIZATION_PREFERS_STRING_CATALOGS = YES;
				MACOSX_DEPLOYMENT_TARGET = 15.5;
				MTL_ENABLE_DEBUG_INFO = NO;
				MTL_FAST_MATH = YES;
				SDKROOT = macosx;
				SWIFT_COMPILATION_MODE = wholemodule;
			};
			name = Release;
		};
		5DB559102E78FB4100140F39 /* Debug */ = {
			isa = XCBuildConfiguration;
			buildSettings = {
				ASSETCATALOG_COMPILER_APPICON_NAME = AppIcon;
				ASSETCATALOG_COMPILER_GLOBAL_ACCENT_COLOR_NAME = AccentColor;
				CODE_SIGN_ENTITLEMENTS = spac/spac.entitlements;
				CODE_SIGN_STYLE = Automatic;
				COMBINE_HIDPI_IMAGES = YES;
				CURRENT_PROJECT_VERSION = 1;
				DEVELOPMENT_TEAM = YWE26KG9UB;
				ENABLE_HARDENED_RUNTIME = YES;
				ENABLE_PREVIEWS = YES;
				GENERATE_INFOPLIST_FILE = YES;
				INFOPLIST_KEY_NSHumanReadableCopyright = "";
				LD_RUNPATH_SEARCH_PATHS = (
					"$(inherited)",
					"@executable_path/../Frameworks",
				);
				MARKETING_VERSION = 1.0;
				PRODUCT_BUNDLE_IDENTIFIER = walkersutton.spac;
				PRODUCT_NAME = "$(TARGET_NAME)";
				REGISTER_APP_GROUPS = YES;
				SWIFT_EMIT_LOC_STRINGS = YES;
				SWIFT_VERSION = 5.0;
			};
			name = Debug;
		};
		5DB559112E78FB4100140F39 /* Release */ = {
			isa = XCBuildConfiguration;
			buildSettings = {
				ASSETCATALOG_COMPILER_APPICON_NAME = AppIcon;
				ASSETCATALOG_COMPILER_GLOBAL_ACCENT_COLOR_NAME = AccentColor;
				CODE_SIGN_ENTITLEMENTS = spac/spac.entitlements;
				CODE_SIGN_STYLE = Automatic;
				COMBINE_HIDPI_IMAGES = YES;
				CURRENT_PROJECT_VERSION = 1;
				DEVELOPMENT_TEAM = YWE26KG9UB;
				ENABLE_HARDENED_RUNTIME = YES;
				ENABLE_PREVIEWS = YES;
				GENERATE_INFOPLIST_FILE = YES;
				INFOPLIST_KEY_NSHumanReadableCopyright = "";
				LD_RUNPATH_SEARCH_PATHS = (
					"$(inherited)",
					"@executable_path/../Frameworks",
				);
				MARKETING_VERSION = 1.0;
				PRODUCT_BUNDLE_IDENTIFIER = walkersutton.spac;
				PRODUCT_NAME = "$(TARGET_NAME)";
				REGISTER_APP_GROUPS = YES;
				SWIFT_EMIT_LOC_STRINGS = YES;
				SWIFT_VERSION = 5.0;
			};
			name = Release;
		};
		5DB559132E78FB4100140F39 /* Debug */ = {
			isa = XCBuildConfiguration;
			buildSettings = {
				BUNDLE_LOADER = "$(TEST_HOST)";
				CODE_SIGN_STYLE = Automatic;
				CURRENT_PROJECT_VERSION = 1;
				DEVELOPMENT_TEAM = YWE26KG9UB;
				GENERATE_INFOPLIST_FILE = YES;
				MACOSX_DEPLOYMENT_TARGET = 15.5;
				MARKETING_VERSION = 1.0;
				PRODUCT_BUNDLE_IDENTIFIER = walkersutton.spacTests;
				PRODUCT_NAME = "$(TARGET_NAME)";
				SWIFT_EMIT_LOC_STRINGS = NO;
				SWIFT_VERSION = 5.0;
				TEST_HOST = "$(BUILT_PRODUCTS_DIR)/spac.app/$(BUNDLE_EXECUTABLE_FOLDER_PATH)/spac";
			};
			name = Debug;
		};
		5DB559142E78FB4100140F39 /* Release */ = {
			isa = XCBuildConfiguration;
			buildSettings = {
				BUNDLE_LOADER = "$(TEST_HOST)";
				CODE_SIGN_STYLE = Automatic;
				CURRENT_PROJECT_VERSION = 1;
				DEVELOPMENT_TEAM = YWE26KG9UB;
				GENERATE_INFOPLIST_FILE = YES;
				MACOSX_DEPLOYMENT_TARGET = 15.5;
				MARKETING_VERSION = 1.0;
				PRODUCT_BUNDLE_IDENTIFIER = walkersutton.spacTests;
				PRODUCT_NAME = "$(TARGET_NAME)";
				SWIFT_EMIT_LOC_STRINGS = NO;
				SWIFT_VERSION = 5.0;
				TEST_HOST = "$(BUILT_PRODUCTS_DIR)/spac.app/$(BUNDLE_EXECUTABLE_FOLDER_PATH)/spac";
			};
			name = Release;
		};
		5DB559162E78FB4100140F39 /* Debug */ = {
			isa = XCBuildConfiguration;
			buildSettings = {
				CODE_SIGN_STYLE = Automatic;
				CURRENT_PROJECT_VERSION = 1;
				DEVELOPMENT_TEAM = YWE26KG9UB;
				GENERATE_INFOPLIST_FILE = YES;
				MARKETING_VERSION = 1.0;
				PRODUCT_BUNDLE_IDENTIFIER = walkersutton.spacUITests;
				PRODUCT_NAME = "$(TARGET_NAME)";
				SWIFT_EMIT_LOC_STRINGS = NO;
				SWIFT_VERSION = 5.0;
				TEST_TARGET_NAME = spac;
			};
			name = Debug;
		};
		5DB559172E78FB4100140F39 /* Release */ = {
			isa = XCBuildConfiguration;
			buildSettings = {
				CODE_SIGN_STYLE = Automatic;
				CURRENT_PROJECT_VERSION = 1;
				DEVELOPMENT_TEAM = YWE26KG9UB;
				GENERATE_INFOPLIST_FILE = YES;
				MARKETING_VERSION = 1.0;
				PRODUCT_BUNDLE_IDENTIFIER = walkersutton.spacUITests;
				PRODUCT_NAME = "$(TARGET_NAME)";
				SWIFT_EMIT_LOC_STRINGS = NO;
				SWIFT_VERSION = 5.0;
				TEST_TARGET_NAME = spac;
			};
			name = Release;
		};
/* End XCBuildConfiguration section */

/* Begin XCConfigurationList section */
		5DB558E82E78FB3F00140F39 /* Build configuration list for PBXProject "spac" */ = {
			isa = XCConfigurationList;
			buildConfigurations = (
				5DB5590D2E78FB4100140F39 /* Debug */,
				5DB5590E2E78FB4100140F39 /* Release */,
			);
			defaultConfigurationIsVisible = 0;
			defaultConfigurationName = Release;
		};
		5DB5590F2E78FB4100140F39 /* Build configuration list for PBXNativeTarget "spac" */ = {
			isa = XCConfigurationList;
			buildConfigurations = (
				5DB559102E78FB4100140F39 /* Debug */,
				5DB559112E78FB4100140F39 /* Release */,
			);
			defaultConfigurationIsVisible = 0;
			defaultConfigurationName = Release;
		};
		5DB559122E78FB4100140F39 /* Build configuration list for PBXNativeTarget "spacTests" */ = {
			isa = XCConfigurationList;
			buildConfigurations = (
				5DB559132E78FB4100140F39 /* Debug */,
				5DB559142E78FB4100140F39 /* Release */,
			);
			defaultConfigurationIsVisible = 0;
			defaultConfigurationName = Release;
		};
		5DB559152E78FB4100140F39 /* Build configuration list for PBXNativeTarget "spacUITests" */ = {
			isa = XCConfigurationList;
			buildConfigurations = (
				5DB559162E78FB4100140F39 /* Debug */,
				5DB559172E78FB4100140F39 /* Release */,
			);
			defaultConfigurationIsVisible = 0;
			defaultConfigurationName = Release;
		};
/* End XCConfigurationList section */
	};
	rootObject = 5DB558E52E78FB3F00140F39 /* Project object */;
}
